
Microsoft Visual Studio Solution File, Format Version 12.00
# Visual Studio 15
VisualStudioVersion = 15.0.28307.421
MinimumVisualStudioVersion = 10.0.40219.1
Project("{FAE04EC0-301F-11D3-BF4B-00C04F79EFBC}") = "password change", "password change\password change.csproj", "{4F0F94B8-D7DE-437B-846E-68813D02AF7C}"
EndProject
Global
	GlobalSection(SolutionConfigurationPlatforms) = preSolution
		Debug|Any CPU = Debug|Any CPU
		Release|Any CPU = Release|Any CPU
	EndGlobalSection
	GlobalSection(ProjectConfigurationPlatforms) = postSolution
		{4F0F94B8-D7DE-437B-846E-68813D02AF7C}.Debug|Any CPU.ActiveCfg = Debug|Any CPU
		{4F0F94B8-D7DE-437B-846E-68813D02AF7C}.Debug|Any CPU.Build.0 = Debug|Any CPU
		{4F0F94B8-D7DE-437B-846E-68813D02AF7C}.Release|Any CPU.ActiveCfg = Release|Any CPU
		{4F0F94B8-D7DE-437B-846E-68813D02AF7C}.Release|Any CPU.Build.0 = Release|Any CPU
	EndGlobalSection
	GlobalSection(SolutionProperties) = preSolution
		HideSolutionNode = FALSE
	EndGlobalSection
	GlobalSection(ExtensibilityGlobals) = postSolution
		SolutionGuid = {F2D220E5-2C36-4BBD-B12C-737FD169C6F4}
	EndGlobalSection
EndGlobal
