
Microsoft Visual Studio Solution File, Format Version 12.00
# Visual Studio 15
VisualStudioVersion = 15.0.28307.757
MinimumVisualStudioVersion = 10.0.40219.1
Project("{FAE04EC0-301F-11D3-BF4B-00C04F79EFBC}") = "syouhin_touroku", "syouhin_touroku\syouhin_touroku.csproj", "{B146FDE5-384E-49F6-8361-C9385F2CA087}"
EndProject
Global
	GlobalSection(SolutionConfigurationPlatforms) = preSolution
		Debug|Any CPU = Debug|Any CPU
		Release|Any CPU = Release|Any CPU
	EndGlobalSection
	GlobalSection(ProjectConfigurationPlatforms) = postSolution
		{B146FDE5-384E-49F6-8361-C9385F2CA087}.Debug|Any CPU.ActiveCfg = Debug|Any CPU
		{B146FDE5-384E-49F6-8361-C9385F2CA087}.Debug|Any CPU.Build.0 = Debug|Any CPU
		{B146FDE5-384E-49F6-8361-C9385F2CA087}.Release|Any CPU.ActiveCfg = Release|Any CPU
		{B146FDE5-384E-49F6-8361-C9385F2CA087}.Release|Any CPU.Build.0 = Release|Any CPU
	EndGlobalSection
	GlobalSection(SolutionProperties) = preSolution
		HideSolutionNode = FALSE
	EndGlobalSection
	GlobalSection(ExtensibilityGlobals) = postSolution
		SolutionGuid = {26252252-CEFD-4B4F-AC16-097C7D4F189C}
	EndGlobalSection
EndGlobal
