
Microsoft Visual Studio Solution File, Format Version 12.00
# Visual Studio 15
VisualStudioVersion = 15.0.28307.421
MinimumVisualStudioVersion = 10.0.40219.1
Project("{FAE04EC0-301F-11D3-BF4B-00C04F79EFBC}") = "発注書作成画面", "発注書作成画面\発注書作成画面.csproj", "{9FD2816E-A1A3-4CBD-9D3D-107ABDD7E353}"
EndProject
Global
	GlobalSection(SolutionConfigurationPlatforms) = preSolution
		Debug|Any CPU = Debug|Any CPU
		Release|Any CPU = Release|Any CPU
	EndGlobalSection
	GlobalSection(ProjectConfigurationPlatforms) = postSolution
		{9FD2816E-A1A3-4CBD-9D3D-107ABDD7E353}.Debug|Any CPU.ActiveCfg = Debug|Any CPU
		{9FD2816E-A1A3-4CBD-9D3D-107ABDD7E353}.Debug|Any CPU.Build.0 = Debug|Any CPU
		{9FD2816E-A1A3-4CBD-9D3D-107ABDD7E353}.Release|Any CPU.ActiveCfg = Release|Any CPU
		{9FD2816E-A1A3-4CBD-9D3D-107ABDD7E353}.Release|Any CPU.Build.0 = Release|Any CPU
	EndGlobalSection
	GlobalSection(SolutionProperties) = preSolution
		HideSolutionNode = FALSE
	EndGlobalSection
	GlobalSection(ExtensibilityGlobals) = postSolution
		SolutionGuid = {3D93F53A-77D6-40B7-9910-7238910BC2A9}
	EndGlobalSection
EndGlobal
