
Microsoft Visual Studio Solution File, Format Version 12.00
# Visual Studio 15
VisualStudioVersion = 15.0.28307.421
MinimumVisualStudioVersion = 10.0.40219.1
Project("{FAE04EC0-301F-11D3-BF4B-00C04F79EFBC}") = "発注管理画面", "発注管理画面\発注管理画面.csproj", "{585F06DE-9167-43D2-BC1A-AFB89A6F2585}"
EndProject
Global
	GlobalSection(SolutionConfigurationPlatforms) = preSolution
		Debug|Any CPU = Debug|Any CPU
		Release|Any CPU = Release|Any CPU
	EndGlobalSection
	GlobalSection(ProjectConfigurationPlatforms) = postSolution
		{585F06DE-9167-43D2-BC1A-AFB89A6F2585}.Debug|Any CPU.ActiveCfg = Debug|Any CPU
		{585F06DE-9167-43D2-BC1A-AFB89A6F2585}.Debug|Any CPU.Build.0 = Debug|Any CPU
		{585F06DE-9167-43D2-BC1A-AFB89A6F2585}.Release|Any CPU.ActiveCfg = Release|Any CPU
		{585F06DE-9167-43D2-BC1A-AFB89A6F2585}.Release|Any CPU.Build.0 = Release|Any CPU
	EndGlobalSection
	GlobalSection(SolutionProperties) = preSolution
		HideSolutionNode = FALSE
	EndGlobalSection
	GlobalSection(ExtensibilityGlobals) = postSolution
		SolutionGuid = {53E33A6A-62ED-4261-85C6-3EF8A8D9F597}
	EndGlobalSection
EndGlobal
